
Microsoft Visual Studio Solution File, Format Version 12.00
# Visual Studio Version 16
VisualStudioVersion = 16.0.31911.196
MinimumVisualStudioVersion = 10.0.40219.1
Project("{FAE04EC0-301F-11D3-BF4B-00C04F79EFBC}") = "WpfApp_Ex1_Repas", "WpfApp_Ex1_Repas\WpfApp_Ex1_Repas.csproj", "{16B1E2B0-272D-44D8-8810-9FE577ECB701}"
EndProject
Global
	GlobalSection(SolutionConfigurationPlatforms) = preSolution
		Debug|Any CPU = Debug|Any CPU
		Release|Any CPU = Release|Any CPU
	EndGlobalSection
	GlobalSection(ProjectConfigurationPlatforms) = postSolution
		{16B1E2B0-272D-44D8-8810-9FE577ECB701}.Debug|Any CPU.ActiveCfg = Debug|Any CPU
		{16B1E2B0-272D-44D8-8810-9FE577ECB701}.Debug|Any CPU.Build.0 = Debug|Any CPU
		{16B1E2B0-272D-44D8-8810-9FE577ECB701}.Release|Any CPU.ActiveCfg = Release|Any CPU
		{16B1E2B0-272D-44D8-8810-9FE577ECB701}.Release|Any CPU.Build.0 = Release|Any CPU
	EndGlobalSection
	GlobalSection(SolutionProperties) = preSolution
		HideSolutionNode = FALSE
	EndGlobalSection
	GlobalSection(ExtensibilityGlobals) = postSolution
		SolutionGuid = {1BD797DA-F081-40E5-9AFE-EDA08FEF4F7D}
	EndGlobalSection
EndGlobal
